
Microsoft Visual Studio Solution File, Format Version 12.00
Project("{FAE04EC0-301F-11D3-BF4B-00C04F79EFBC}") = "HomeWork", "HomeWork.csproj", "{267029F9-C7BF-4850-B901-A98E1916D656}"
EndProject
Global
	GlobalSection(SolutionConfigurationPlatforms) = preSolution
		Debug|Any CPU = Debug|Any CPU
		Release|Any CPU = Release|Any CPU
	EndGlobalSection
	GlobalSection(ProjectConfigurationPlatforms) = postSolution
		{267029F9-C7BF-4850-B901-A98E1916D656}.Debug|Any CPU.ActiveCfg = Debug|Any CPU
		{267029F9-C7BF-4850-B901-A98E1916D656}.Debug|Any CPU.Build.0 = Debug|Any CPU
		{267029F9-C7BF-4850-B901-A98E1916D656}.Release|Any CPU.ActiveCfg = Release|Any CPU
		{267029F9-C7BF-4850-B901-A98E1916D656}.Release|Any CPU.Build.0 = Release|Any CPU
	EndGlobalSection
EndGlobal
